
Microsoft Visual Studio Solution File, Format Version 11.00
# Visual Studio 2010
# SharpDevelop 5.1
Project("{FAE04EC0-301F-11D3-BF4B-00C04F79EFBC}") = "TsT", "TsT\TsT.csproj", "{979AD0A0-2383-422C-94AD-63039F9B537A}"
EndProject
Global
	GlobalSection(SolutionConfigurationPlatforms) = preSolution
		Debug|Any CPU = Debug|Any CPU
		Release|Any CPU = Release|Any CPU
	EndGlobalSection
	GlobalSection(ProjectConfigurationPlatforms) = postSolution
		{979AD0A0-2383-422C-94AD-63039F9B537A}.Debug|Any CPU.ActiveCfg = Debug|Any CPU
		{979AD0A0-2383-422C-94AD-63039F9B537A}.Debug|Any CPU.Build.0 = Debug|Any CPU
		{979AD0A0-2383-422C-94AD-63039F9B537A}.Release|Any CPU.ActiveCfg = Release|Any CPU
		{979AD0A0-2383-422C-94AD-63039F9B537A}.Release|Any CPU.Build.0 = Release|Any CPU
	EndGlobalSection
EndGlobal
